<?xml version="1.0" encoding="UTF-8"?>
<Scheme
   LastUpgradeVersion = "1610"
   version = "1.3">
   <BuildAction
      parallelizeBuildables = "YES"
      buildImplicitDependencies = "YES">
      <BuildActionEntries>
         <BuildActionEntry
            buildForTesting = "YES"
            buildForRunning = "YES"
            buildForProfiling = "YES"
            buildForArchiving = "YES"
            buildForAnalyzing = "YES">
            <BuildableReference
               BuildableIdentifier = "primary"
               BlueprintIdentifier = "13B07F861A680F5B00A75B9A"
               BuildableName = "SwedishLearningApp.app"
               BlueprintName = "SwedishLearningApp"
               ReferencedContainer = "container:SwedishLearningApp.xcodeproj">
            </BuildableReference>
         </BuildActionEntry>
      </BuildActionEntries>
   </BuildAction>
   <TestAction
      buildConfiguration = "Debug"
      selectedDebuggerIdentifier = "Xcode.DebuggerFoundation.Debugger.LLDB"
      selectedLauncherIdentifier = "Xcode.DebuggerFoundation.Launcher.LLDB"
      shouldUseLaunchSchemeArgsEnv = "YES">
      <Testables>
         <TestableReference
            skipped = "NO">
            <BuildableReference
               BuildableIdentifier = "primary"
               BlueprintIdentifier = "00E356ED1AD99517003FC87E"
               BuildableName = "SwedishLearningAppTests.xctest"
               BlueprintName = "SwedishLearningAppTests"
               ReferencedContainer = "container:SwedishLearningApp.xcodeproj">
            </BuildableReference>
         </TestableReference>
      </Testables>
   </TestAction>
   <LaunchAction
      buildConfiguration = "Debug"
      selectedDebuggerIdentifier = "Xcode.DebuggerFoundation.Debugger.LLDB"
      selectedLauncherIdentifier = "Xcode.DebuggerFoundation.Launcher.LLDB"
      launchStyle = "0"
      useCustomWorkingDirectory = "NO"
      ignoresPersistentStateOnLaunch = "NO"
      debugDocumentVersioning = "YES"
      debugServiceExtension = "internal"
      allowLocationSimulation = "YES">
      <BuildableProductRunnable
         runnableDebuggingMode = "0">
         <BuildableReference
            BuildableIdentifier = "primary"
            BlueprintIdentifier = "13B07F861A680F5B00A75B9A"
            BuildableName = "SwedishLearningApp.app"
            BlueprintName = "SwedishLearningApp"
            ReferencedContainer = "container:SwedishLearningApp.xcodeproj">
         </BuildableReference>
      </BuildableProductRunnable>
      <EnvironmentVariables>
         <EnvironmentVariable
            key = "PATH"
            value = "/Users/annesophiegendron/.gem/ruby/3.3.0/bin:/Users/annesophiegendron/.gem/ruby/3.3.0/bin:/opt/homebrew/opt/ruby/bin:usr/local/bin:/usr/local/opt/ruby/bin:/usr/local/opt/mongodb-community/bin:/usr/local/opt/openjdk@17/bin:/Users/annesophiegendron/.nvm/versions/node/v20.11.0/bin:/Users/annesophiegendron/.docker/bin:/Library/Frameworks/Python.framework/Versions/3.11/bin:/usr/local/bin:/System/Cryptexes/App/usr/bin:/usr/bin:/bin:/usr/sbin:/sbin:/var/run/com.apple.security.cryptexd/codex.system/bootstrap/usr/local/bin:/var/run/com.apple.security.cryptexd/codex.system/bootstrap/usr/bin:/var/run/com.apple.security.cryptexd/codex.system/bootstrap/usr/appleinternal/bin:/Library/Apple/usr/bin://Users/annesophiegendron/Library/Android/sdk/path/here/platform-tools:/Users/annesophiegendron/Library/Android/sdk/platform-tools:/Users/annesophiegendron/Library/Android/sdk/tools:/Users/annesophiegendron/.config/bin/:/Users/annesophiegendron/.gem/ruby/3.4.0/bin"
            isEnabled = "YES">
         </EnvironmentVariable>
      </EnvironmentVariables>
   </LaunchAction>
   <ProfileAction
      buildConfiguration = "Release"
      shouldUseLaunchSchemeArgsEnv = "YES"
      savedToolIdentifier = ""
      useCustomWorkingDirectory = "NO"
      debugDocumentVersioning = "YES">
      <BuildableProductRunnable
         runnableDebuggingMode = "0">
         <BuildableReference
            BuildableIdentifier = "primary"
            BlueprintIdentifier = "13B07F861A680F5B00A75B9A"
            BuildableName = "SwedishLearningApp.app"
            BlueprintName = "SwedishLearningApp"
            ReferencedContainer = "container:SwedishLearningApp.xcodeproj">
         </BuildableReference>
      </BuildableProductRunnable>
   </ProfileAction>
   <AnalyzeAction
      buildConfiguration = "Debug">
   </AnalyzeAction>
   <ArchiveAction
      buildConfiguration = "Release"
      revealArchiveInOrganizer = "YES">
   </ArchiveAction>
</Scheme>
